
Microsoft Visual Studio Solution File, Format Version 12.00
# Visual Studio Version 17
VisualStudioVersion = 17.9.34622.214
MinimumVisualStudioVersion = 10.0.40219.1
Project("{2150E333-8FDC-42A3-9474-1A3956D46DE8}") = "examples", "examples", "{C0DFD3E4-1039-4D6B-85B1-50B110D7E36C}"
EndProject
Project("{2150E333-8FDC-42A3-9474-1A3956D46DE8}") = "src", "src", "{27531240-DBE1-46BF-85E4-A2B05AC0806A}"
EndProject
Project("{2150E333-8FDC-42A3-9474-1A3956D46DE8}") = "tests", "tests", "{B3EBC807-407C-4465-9EDF-A3047E349173}"
EndProject
Project("{9A19103F-16F7-4668-BE54-9A1E7A4F7556}") = "Aggregator.Lib", "src\Aggregator.Lib\Aggregator.Lib.csproj", "{61DFEB78-0B71-42BB-B49E-DA8C23A603CF}"
EndProject
Project("{9A19103F-16F7-4668-BE54-9A1E7A4F7556}") = "Aggregator", "src\Aggregator\Aggregator.csproj", "{B9AE937C-2BB7-4FD4-98E6-8A24600D24C7}"
EndProject
Project("{9A19103F-16F7-4668-BE54-9A1E7A4F7556}") = "Mediator", "src\Mediator\Mediator.csproj", "{3A16BCCA-A067-4873-8688-CD24F46F7E06}"
EndProject
Project("{9A19103F-16F7-4668-BE54-9A1E7A4F7556}") = "Mediator.Lib", "src\Mediator.Lib\Mediator.Lib.csproj", "{9B7E9670-AB29-4BE9-AB6D-A0C9D6C620A5}"
EndProject
Project("{9A19103F-16F7-4668-BE54-9A1E7A4F7556}") = "Aggregator.Tests", "tests\Aggregator.Tests\Aggregator.Tests.csproj", "{43E829F1-5CD5-4BEF-8A8F-0EFDE550A5CA}"
EndProject
Project("{9A19103F-16F7-4668-BE54-9A1E7A4F7556}") = "Mediator.Tests", "tests\Mediator.Tests\Mediator.Tests.csproj", "{14CC8EB6-5C1A-4790-AA58-10D67539D985}"
EndProject
Project("{9A19103F-16F7-4668-BE54-9A1E7A4F7556}") = "Mediator.Tests.Components", "tests\Mediator.Tests.Components\Mediator.Tests.Components.csproj", "{B22FC0D3-7D26-4588-A155-90D9EB184CF9}"
EndProject
Project("{9A19103F-16F7-4668-BE54-9A1E7A4F7556}") = "Mediator.Lamar", "examples\Mediator.Lamar\Mediator.Lamar.csproj", "{D45D4BC2-B413-4DB6-8D1D-F89B9E08B290}"
EndProject
Global
	GlobalSection(SolutionConfigurationPlatforms) = preSolution
		Debug|Any CPU = Debug|Any CPU
		Release|Any CPU = Release|Any CPU
	EndGlobalSection
	GlobalSection(ProjectConfigurationPlatforms) = postSolution
		{61DFEB78-0B71-42BB-B49E-DA8C23A603CF}.Debug|Any CPU.ActiveCfg = Debug|Any CPU
		{61DFEB78-0B71-42BB-B49E-DA8C23A603CF}.Debug|Any CPU.Build.0 = Debug|Any CPU
		{61DFEB78-0B71-42BB-B49E-DA8C23A603CF}.Release|Any CPU.ActiveCfg = Release|Any CPU
		{61DFEB78-0B71-42BB-B49E-DA8C23A603CF}.Release|Any CPU.Build.0 = Release|Any CPU
		{B9AE937C-2BB7-4FD4-98E6-8A24600D24C7}.Debug|Any CPU.ActiveCfg = Debug|Any CPU
		{B9AE937C-2BB7-4FD4-98E6-8A24600D24C7}.Debug|Any CPU.Build.0 = Debug|Any CPU
		{B9AE937C-2BB7-4FD4-98E6-8A24600D24C7}.Release|Any CPU.ActiveCfg = Release|Any CPU
		{B9AE937C-2BB7-4FD4-98E6-8A24600D24C7}.Release|Any CPU.Build.0 = Release|Any CPU
		{3A16BCCA-A067-4873-8688-CD24F46F7E06}.Debug|Any CPU.ActiveCfg = Debug|Any CPU
		{3A16BCCA-A067-4873-8688-CD24F46F7E06}.Debug|Any CPU.Build.0 = Debug|Any CPU
		{3A16BCCA-A067-4873-8688-CD24F46F7E06}.Release|Any CPU.ActiveCfg = Release|Any CPU
		{3A16BCCA-A067-4873-8688-CD24F46F7E06}.Release|Any CPU.Build.0 = Release|Any CPU
		{9B7E9670-AB29-4BE9-AB6D-A0C9D6C620A5}.Debug|Any CPU.ActiveCfg = Debug|Any CPU
		{9B7E9670-AB29-4BE9-AB6D-A0C9D6C620A5}.Debug|Any CPU.Build.0 = Debug|Any CPU
		{9B7E9670-AB29-4BE9-AB6D-A0C9D6C620A5}.Release|Any CPU.ActiveCfg = Release|Any CPU
		{9B7E9670-AB29-4BE9-AB6D-A0C9D6C620A5}.Release|Any CPU.Build.0 = Release|Any CPU
		{43E829F1-5CD5-4BEF-8A8F-0EFDE550A5CA}.Debug|Any CPU.ActiveCfg = Debug|Any CPU
		{43E829F1-5CD5-4BEF-8A8F-0EFDE550A5CA}.Debug|Any CPU.Build.0 = Debug|Any CPU
		{43E829F1-5CD5-4BEF-8A8F-0EFDE550A5CA}.Release|Any CPU.ActiveCfg = Release|Any CPU
		{43E829F1-5CD5-4BEF-8A8F-0EFDE550A5CA}.Release|Any CPU.Build.0 = Release|Any CPU
		{14CC8EB6-5C1A-4790-AA58-10D67539D985}.Debug|Any CPU.ActiveCfg = Debug|Any CPU
		{14CC8EB6-5C1A-4790-AA58-10D67539D985}.Debug|Any CPU.Build.0 = Debug|Any CPU
		{14CC8EB6-5C1A-4790-AA58-10D67539D985}.Release|Any CPU.ActiveCfg = Release|Any CPU
		{14CC8EB6-5C1A-4790-AA58-10D67539D985}.Release|Any CPU.Build.0 = Release|Any CPU
		{B22FC0D3-7D26-4588-A155-90D9EB184CF9}.Debug|Any CPU.ActiveCfg = Debug|Any CPU
		{B22FC0D3-7D26-4588-A155-90D9EB184CF9}.Debug|Any CPU.Build.0 = Debug|Any CPU
		{B22FC0D3-7D26-4588-A155-90D9EB184CF9}.Release|Any CPU.ActiveCfg = Release|Any CPU
		{B22FC0D3-7D26-4588-A155-90D9EB184CF9}.Release|Any CPU.Build.0 = Release|Any CPU
		{D45D4BC2-B413-4DB6-8D1D-F89B9E08B290}.Debug|Any CPU.ActiveCfg = Debug|Any CPU
		{D45D4BC2-B413-4DB6-8D1D-F89B9E08B290}.Debug|Any CPU.Build.0 = Debug|Any CPU
		{D45D4BC2-B413-4DB6-8D1D-F89B9E08B290}.Release|Any CPU.ActiveCfg = Release|Any CPU
		{D45D4BC2-B413-4DB6-8D1D-F89B9E08B290}.Release|Any CPU.Build.0 = Release|Any CPU
	EndGlobalSection
	GlobalSection(SolutionProperties) = preSolution
		HideSolutionNode = FALSE
	EndGlobalSection
	GlobalSection(NestedProjects) = preSolution
		{61DFEB78-0B71-42BB-B49E-DA8C23A603CF} = {27531240-DBE1-46BF-85E4-A2B05AC0806A}
		{B9AE937C-2BB7-4FD4-98E6-8A24600D24C7} = {27531240-DBE1-46BF-85E4-A2B05AC0806A}
		{3A16BCCA-A067-4873-8688-CD24F46F7E06} = {27531240-DBE1-46BF-85E4-A2B05AC0806A}
		{9B7E9670-AB29-4BE9-AB6D-A0C9D6C620A5} = {27531240-DBE1-46BF-85E4-A2B05AC0806A}
		{43E829F1-5CD5-4BEF-8A8F-0EFDE550A5CA} = {B3EBC807-407C-4465-9EDF-A3047E349173}
		{14CC8EB6-5C1A-4790-AA58-10D67539D985} = {B3EBC807-407C-4465-9EDF-A3047E349173}
		{B22FC0D3-7D26-4588-A155-90D9EB184CF9} = {B3EBC807-407C-4465-9EDF-A3047E349173}
		{D45D4BC2-B413-4DB6-8D1D-F89B9E08B290} = {C0DFD3E4-1039-4D6B-85B1-50B110D7E36C}
	EndGlobalSection
	GlobalSection(ExtensibilityGlobals) = postSolution
		SolutionGuid = {8A6C249A-5DE7-45D8-99CD-9F33090AB058}
	EndGlobalSection
EndGlobal
